
Microsoft Visual Studio Solution File, Format Version 12.00
Project("{FAE04EC0-301F-11D3-BF4B-00C04F79EFBC}") = "ZoneTree.BlobFileSystem", "ZoneTree.BlobFileSystem\ZoneTree.BlobFileSystem.csproj", "{1252D11A-C695-4F1D-B4B7-52D4F5F53CB4}"
EndProject
Global
	GlobalSection(SolutionConfigurationPlatforms) = preSolution
		Debug|Any CPU = Debug|Any CPU
		Release|Any CPU = Release|Any CPU
	EndGlobalSection
	GlobalSection(ProjectConfigurationPlatforms) = postSolution
		{1252D11A-C695-4F1D-B4B7-52D4F5F53CB4}.Debug|Any CPU.ActiveCfg = Debug|Any CPU
		{1252D11A-C695-4F1D-B4B7-52D4F5F53CB4}.Debug|Any CPU.Build.0 = Debug|Any CPU
		{1252D11A-C695-4F1D-B4B7-52D4F5F53CB4}.Release|Any CPU.ActiveCfg = Release|Any CPU
		{1252D11A-C695-4F1D-B4B7-52D4F5F53CB4}.Release|Any CPU.Build.0 = Release|Any CPU
	EndGlobalSection
EndGlobal
